// !$*UTF8*$!
{
	archiveVersion = 1;
	classes = {
	};
	objectVersion = 48;
	objects = {

/* Begin PBXBuildFile section */
		0122E92620573E910074C3A7 /* Reachability.swift in Sources */ = {isa = PBXBuildFile; fileRef = 0122E92520573E910074C3A7 /* Reachability.swift */; };
		8547AA472054337E00E79117 /* AppDelegate.swift in Sources */ = {isa = PBXBuildFile; fileRef = 8547AA462054337E00E79117 /* AppDelegate.swift */; };
		8547AA4C2054337E00E79117 /* Main.storyboard in Resources */ = {isa = PBXBuildFile; fileRef = 8547AA4A2054337E00E79117 /* Main.storyboard */; };
		8547AA4F2054337E00E79117 /* CloudKitSycTasks.xcdatamodeld in Sources */ = {isa = PBXBuildFile; fileRef = 8547AA4D2054337E00E79117 /* CloudKitSycTasks.xcdatamodeld */; };
		8547AA512054337E00E79117 /* Assets.xcassets in Resources */ = {isa = PBXBuildFile; fileRef = 8547AA502054337E00E79117 /* Assets.xcassets */; };
		8547AA542054337E00E79117 /* LaunchScreen.storyboard in Resources */ = {isa = PBXBuildFile; fileRef = 8547AA522054337E00E79117 /* LaunchScreen.storyboard */; };
		8547AA5C2054345C00E79117 /* TaskListTableViewController.swift in Sources */ = {isa = PBXBuildFile; fileRef = 8547AA5B2054345C00E79117 /* TaskListTableViewController.swift */; };
		8547AA5E2054392800E79117 /* EditTaskViewController.swift in Sources */ = {isa = PBXBuildFile; fileRef = 8547AA5D2054392800E79117 /* EditTaskViewController.swift */; };
		8547AA6020543B9200E79117 /* TaskModel.swift in Sources */ = {isa = PBXBuildFile; fileRef = 8547AA5F20543B9200E79117 /* TaskModel.swift */; };
		8547AA6420544B6000E79117 /* CloudKit.framework in Frameworks */ = {isa = PBXBuildFile; fileRef = 8547AA6320544B6000E79117 /* CloudKit.framework */; };
		8547AA662054521400E79117 /* CloudKitModel.swift in Sources */ = {isa = PBXBuildFile; fileRef = 8547AA652054521400E79117 /* CloudKitModel.swift */; };
		8547AA6A2054771D00E79117 /* LocalSettings.swift in Sources */ = {isa = PBXBuildFile; fileRef = 8547AA692054771D00E79117 /* LocalSettings.swift */; };
/* End PBXBuildFile section */

/* Begin PBXFileReference section */
		0122E92520573E910074C3A7 /* Reachability.swift */ = {isa = PBXFileReference; lastKnownFileType = sourcecode.swift; path = Reachability.swift; sourceTree = "<group>"; };
		8547AA432054337E00E79117 /* CloudKitSycTasks.app */ = {isa = PBXFileReference; explicitFileType = wrapper.application; includeInIndex = 0; path = CloudKitSycTasks.app; sourceTree = BUILT_PRODUCTS_DIR; };
		8547AA462054337E00E79117 /* AppDelegate.swift */ = {isa = PBXFileReference; lastKnownFileType = sourcecode.swift; path = AppDelegate.swift; sourceTree = "<group>"; };
		8547AA4B2054337E00E79117 /* Base */ = {isa = PBXFileReference; lastKnownFileType = file.storyboard; name = Base; path = Base.lproj/Main.storyboard; sourceTree = "<group>"; };
		8547AA4E2054337E00E79117 /* CloudKitSycTasks.xcdatamodel */ = {isa = PBXFileReference; lastKnownFileType = wrapper.xcdatamodel; path = CloudKitSycTasks.xcdatamodel; sourceTree = "<group>"; };
		8547AA502054337E00E79117 /* Assets.xcassets */ = {isa = PBXFileReference; lastKnownFileType = folder.assetcatalog; path = Assets.xcassets; sourceTree = "<group>"; };
		8547AA532054337E00E79117 /* Base */ = {isa = PBXFileReference; lastKnownFileType = file.storyboard; name = Base; path = Base.lproj/LaunchScreen.storyboard; sourceTree = "<group>"; };
		8547AA552054337E00E79117 /* Info.plist */ = {isa = PBXFileReference; lastKnownFileType = text.plist.xml; path = Info.plist; sourceTree = "<group>"; };
		8547AA5B2054345C00E79117 /* TaskListTableViewController.swift */ = {isa = PBXFileReference; lastKnownFileType = sourcecode.swift; path = TaskListTableViewController.swift; sourceTree = "<group>"; };
		8547AA5D2054392800E79117 /* EditTaskViewController.swift */ = {isa = PBXFileReference; lastKnownFileType = sourcecode.swift; path = EditTaskViewController.swift; sourceTree = "<group>"; };
		8547AA5F20543B9200E79117 /* TaskModel.swift */ = {isa = PBXFileReference; lastKnownFileType = sourcecode.swift; path = TaskModel.swift; sourceTree = "<group>"; };
		8547AA6120544B5A00E79117 /* CloudKitSycTasks.entitlements */ = {isa = PBXFileReference; lastKnownFileType = text.plist.entitlements; path = CloudKitSycTasks.entitlements; sourceTree = "<group>"; };
		8547AA6320544B6000E79117 /* CloudKit.framework */ = {isa = PBXFileReference; lastKnownFileType = wrapper.framework; name = CloudKit.framework; path = System/Library/Frameworks/CloudKit.framework; sourceTree = SDKROOT; };
		8547AA652054521400E79117 /* CloudKitModel.swift */ = {isa = PBXFileReference; lastKnownFileType = sourcecode.swift; path = CloudKitModel.swift; sourceTree = "<group>"; };
		8547AA692054771D00E79117 /* LocalSettings.swift */ = {isa = PBXFileReference; lastKnownFileType = sourcecode.swift; path = LocalSettings.swift; sourceTree = "<group>"; };
/* End PBXFileReference section */

/* Begin PBXFrameworksBuildPhase section */
		8547AA402054337E00E79117 /* Frameworks */ = {
			isa = PBXFrameworksBuildPhase;
			buildActionMask = 2147483647;
			files = (
				8547AA6420544B6000E79117 /* CloudKit.framework in Frameworks */,
			);
			runOnlyForDeploymentPostprocessing = 0;
		};
/* End PBXFrameworksBuildPhase section */

/* Begin PBXGroup section */
		8547AA3A2054337D00E79117 = {
			isa = PBXGroup;
			children = (
				8547AA452054337E00E79117 /* CloudKitSycTasks */,
				8547AA442054337E00E79117 /* Products */,
				8547AA6220544B6000E79117 /* Frameworks */,
			);
			sourceTree = "<group>";
		};
		8547AA442054337E00E79117 /* Products */ = {
			isa = PBXGroup;
			children = (
				8547AA432054337E00E79117 /* CloudKitSycTasks.app */,
			);
			name = Products;
			sourceTree = "<group>";
		};
		8547AA452054337E00E79117 /* CloudKitSycTasks */ = {
			isa = PBXGroup;
			children = (
				8547AA6120544B5A00E79117 /* CloudKitSycTasks.entitlements */,
				8547AA462054337E00E79117 /* AppDelegate.swift */,
				8547AA4A2054337E00E79117 /* Main.storyboard */,
				8547AA5D2054392800E79117 /* EditTaskViewController.swift */,
				8547AA502054337E00E79117 /* Assets.xcassets */,
				8547AA522054337E00E79117 /* LaunchScreen.storyboard */,
				8547AA552054337E00E79117 /* Info.plist */,
				8547AA4D2054337E00E79117 /* CloudKitSycTasks.xcdatamodeld */,
				8547AA5B2054345C00E79117 /* TaskListTableViewController.swift */,
				8547AA5F20543B9200E79117 /* TaskModel.swift */,
				8547AA652054521400E79117 /* CloudKitModel.swift */,
				8547AA692054771D00E79117 /* LocalSettings.swift */,
				0122E92520573E910074C3A7 /* Reachability.swift */,
			);
			path = CloudKitSycTasks;
			sourceTree = "<group>";
		};
		8547AA6220544B6000E79117 /* Frameworks */ = {
			isa = PBXGroup;
			children = (
				8547AA6320544B6000E79117 /* CloudKit.framework */,
			);
			name = Frameworks;
			sourceTree = "<group>";
		};
/* End PBXGroup section */

/* Begin PBXNativeTarget section */
		8547AA422054337E00E79117 /* CloudKitSycTasks */ = {
			isa = PBXNativeTarget;
			buildConfigurationList = 8547AA582054337E00E79117 /* Build configuration list for PBXNativeTarget "CloudKitSycTasks" */;
			buildPhases = (
				8547AA3F2054337E00E79117 /* Sources */,
				8547AA402054337E00E79117 /* Frameworks */,
				8547AA412054337E00E79117 /* Resources */,
			);
			buildRules = (
			);
			dependencies = (
			);
			name = CloudKitSycTasks;
			productName = CloudKitSycTasks;
			productReference = 8547AA432054337E00E79117 /* CloudKitSycTasks.app */;
			productType = "com.apple.product-type.application";
		};
/* End PBXNativeTarget section */

/* Begin PBXProject section */
		8547AA3B2054337D00E79117 /* Project object */ = {
			isa = PBXProject;
			attributes = {
				LastSwiftUpdateCheck = 0920;
				LastUpgradeCheck = 0920;
				ORGANIZATIONNAME = "Frank Mathy";
				TargetAttributes = {
					8547AA422054337E00E79117 = {
						CreatedOnToolsVersion = 9.2;
						ProvisioningStyle = Automatic;
						SystemCapabilities = {
							com.apple.BackgroundModes = {
								enabled = 1;
							};
							com.apple.Push = {
								enabled = 1;
							};
							com.apple.iCloud = {
								enabled = 1;
							};
						};
					};
				};
			};
			buildConfigurationList = 8547AA3E2054337D00E79117 /* Build configuration list for PBXProject "CloudKitSycTasks" */;
			compatibilityVersion = "Xcode 8.0";
			developmentRegion = en;
			hasScannedForEncodings = 0;
			knownRegions = (
				en,
				Base,
			);
			mainGroup = 8547AA3A2054337D00E79117;
			productRefGroup = 8547AA442054337E00E79117 /* Products */;
			projectDirPath = "";
			projectRoot = "";
			targets = (
				8547AA422054337E00E79117 /* CloudKitSycTasks */,
			);
		};
/* End PBXProject section */

/* Begin PBXResourcesBuildPhase section */
		8547AA412054337E00E79117 /* Resources */ = {
			isa = PBXResourcesBuildPhase;
			buildActionMask = 2147483647;
			files = (
				8547AA542054337E00E79117 /* LaunchScreen.storyboard in Resources */,
				8547AA512054337E00E79117 /* Assets.xcassets in Resources */,
				8547AA4C2054337E00E79117 /* Main.storyboard in Resources */,
			);
			runOnlyForDeploymentPostprocessing = 0;
		};
/* End PBXResourcesBuildPhase section */

/* Begin PBXSourcesBuildPhase section */
		8547AA3F2054337E00E79117 /* Sources */ = {
			isa = PBXSourcesBuildPhase;
			buildActionMask = 2147483647;
			files = (
				8547AA662054521400E79117 /* CloudKitModel.swift in Sources */,
				8547AA5C2054345C00E79117 /* TaskListTableViewController.swift in Sources */,
				8547AA6A2054771D00E79117 /* LocalSettings.swift in Sources */,
				8547AA4F2054337E00E79117 /* CloudKitSycTasks.xcdatamodeld in Sources */,
				8547AA6020543B9200E79117 /* TaskModel.swift in Sources */,
				8547AA472054337E00E79117 /* AppDelegate.swift in Sources */,
				0122E92620573E910074C3A7 /* Reachability.swift in Sources */,
				8547AA5E2054392800E79117 /* EditTaskViewController.swift in Sources */,
			);
			runOnlyForDeploymentPostprocessing = 0;
		};
/* End PBXSourcesBuildPhase section */

/* Begin PBXVariantGroup section */
		8547AA4A2054337E00E79117 /* Main.storyboard */ = {
			isa = PBXVariantGroup;
			children = (
				8547AA4B2054337E00E79117 /* Base */,
			);
			name = Main.storyboard;
			sourceTree = "<group>";
		};
		8547AA522054337E00E79117 /* LaunchScreen.storyboard */ = {
			isa = PBXVariantGroup;
			children = (
				8547AA532054337E00E79117 /* Base */,
			);
			name = LaunchScreen.storyboard;
			sourceTree = "<group>";
		};
/* End PBXVariantGroup section */

/* Begin XCBuildConfiguration section */
		8547AA562054337E00E79117 /* Debug */ = {
			isa = XCBuildConfiguration;
			buildSettings = {
				ALWAYS_SEARCH_USER_PATHS = NO;
				CLANG_ANALYZER_NONNULL = YES;
				CLANG_ANALYZER_NUMBER_OBJECT_CONVERSION = YES_AGGRESSIVE;
				CLANG_CXX_LANGUAGE_STANDARD = "gnu++14";
				CLANG_CXX_LIBRARY = "libc++";
				CLANG_ENABLE_MODULES = YES;
				CLANG_ENABLE_OBJC_ARC = YES;
				CLANG_WARN_BLOCK_CAPTURE_AUTORELEASING = YES;
				CLANG_WARN_BOOL_CONVERSION = YES;
				CLANG_WARN_COMMA = YES;
				CLANG_WARN_CONSTANT_CONVERSION = YES;
				CLANG_WARN_DIRECT_OBJC_ISA_USAGE = YES_ERROR;
				CLANG_WARN_DOCUMENTATION_COMMENTS = YES;
				CLANG_WARN_EMPTY_BODY = YES;
				CLANG_WARN_ENUM_CONVERSION = YES;
				CLANG_WARN_INFINITE_RECURSION = YES;
				CLANG_WARN_INT_CONVERSION = YES;
				CLANG_WARN_NON_LITERAL_NULL_CONVERSION = YES;
				CLANG_WARN_OBJC_LITERAL_CONVERSION = YES;
				CLANG_WARN_OBJC_ROOT_CLASS = YES_ERROR;
				CLANG_WARN_RANGE_LOOP_ANALYSIS = YES;
				CLANG_WARN_STRICT_PROTOTYPES = YES;
				CLANG_WARN_SUSPICIOUS_MOVE = YES;
				CLANG_WARN_UNGUARDED_AVAILABILITY = YES_AGGRESSIVE;
				CLANG_WARN_UNREACHABLE_CODE = YES;
				CLANG_WARN__DUPLICATE_METHOD_MATCH = YES;
				CODE_SIGN_IDENTITY = "iPhone Developer";
				COPY_PHASE_STRIP = NO;
				DEBUG_INFORMATION_FORMAT = dwarf;
				ENABLE_STRICT_OBJC_MSGSEND = YES;
				ENABLE_TESTABILITY = YES;
				GCC_C_LANGUAGE_STANDARD = gnu11;
				GCC_DYNAMIC_NO_PIC = NO;
				GCC_NO_COMMON_BLOCKS = YES;
				GCC_OPTIMIZATION_LEVEL = 0;
				GCC_PREPROCESSOR_DEFINITIONS = (
					"DEBUG=1",
					"$(inherited)",
				);
				GCC_WARN_64_TO_32_BIT_CONVERSION = YES;
				GCC_WARN_ABOUT_RETURN_TYPE = YES_ERROR;
				GCC_WARN_UNDECLARED_SELECTOR = YES;
				GCC_WARN_UNINITIALIZED_AUTOS = YES_AGGRESSIVE;
				GCC_WARN_UNUSED_FUNCTION = YES;
				GCC_WARN_UNUSED_VARIABLE = YES;
				IPHONEOS_DEPLOYMENT_TARGET = 11.2;
				MTL_ENABLE_DEBUG_INFO = YES;
				ONLY_ACTIVE_ARCH = YES;
				SDKROOT = iphoneos;
				SWIFT_ACTIVE_COMPILATION_CONDITIONS = DEBUG;
				SWIFT_OPTIMIZATION_LEVEL = "-Onone";
			};
			name = Debug;
		};
		8547AA572054337E00E79117 /* Release */ = {
			isa = XCBuildConfiguration;
			buildSettings = {
				ALWAYS_SEARCH_USER_PATHS = NO;
				CLANG_ANALYZER_NONNULL = YES;
				CLANG_ANALYZER_NUMBER_OBJECT_CONVERSION = YES_AGGRESSIVE;
				CLANG_CXX_LANGUAGE_STANDARD = "gnu++14";
				CLANG_CXX_LIBRARY = "libc++";
				CLANG_ENABLE_MODULES = YES;
				CLANG_ENABLE_OBJC_ARC = YES;
				CLANG_WARN_BLOCK_CAPTURE_AUTORELEASING = YES;
				CLANG_WARN_BOOL_CONVERSION = YES;
				CLANG_WARN_COMMA = YES;
				CLANG_WARN_CONSTANT_CONVERSION = YES;
				CLANG_WARN_DIRECT_OBJC_ISA_USAGE = YES_ERROR;
				CLANG_WARN_DOCUMENTATION_COMMENTS = YES;
				CLANG_WARN_EMPTY_BODY = YES;
				CLANG_WARN_ENUM_CONVERSION = YES;
				CLANG_WARN_INFINITE_RECURSION = YES;
				CLANG_WARN_INT_CONVERSION = YES;
				CLANG_WARN_NON_LITERAL_NULL_CONVERSION = YES;
				CLANG_WARN_OBJC_LITERAL_CONVERSION = YES;
				CLANG_WARN_OBJC_ROOT_CLASS = YES_ERROR;
				CLANG_WARN_RANGE_LOOP_ANALYSIS = YES;
				CLANG_WARN_STRICT_PROTOTYPES = YES;
				CLANG_WARN_SUSPICIOUS_MOVE = YES;
				CLANG_WARN_UNGUARDED_AVAILABILITY = YES_AGGRESSIVE;
				CLANG_WARN_UNREACHABLE_CODE = YES;
				CLANG_WARN__DUPLICATE_METHOD_MATCH = YES;
				CODE_SIGN_IDENTITY = "iPhone Developer";
				COPY_PHASE_STRIP = NO;
				DEBUG_INFORMATION_FORMAT = "dwarf-with-dsym";
				ENABLE_NS_ASSERTIONS = NO;
				ENABLE_STRICT_OBJC_MSGSEND = YES;
				GCC_C_LANGUAGE_STANDARD = gnu11;
				GCC_NO_COMMON_BLOCKS = YES;
				GCC_WARN_64_TO_32_BIT_CONVERSION = YES;
				GCC_WARN_ABOUT_RETURN_TYPE = YES_ERROR;
				GCC_WARN_UNDECLARED_SELECTOR = YES;
				GCC_WARN_UNINITIALIZED_AUTOS = YES_AGGRESSIVE;
				GCC_WARN_UNUSED_FUNCTION = YES;
				GCC_WARN_UNUSED_VARIABLE = YES;
				IPHONEOS_DEPLOYMENT_TARGET = 11.2;
				MTL_ENABLE_DEBUG_INFO = NO;
				SDKROOT = iphoneos;
				SWIFT_OPTIMIZATION_LEVEL = "-Owholemodule";
				VALIDATE_PRODUCT = YES;
			};
			name = Release;
		};
		8547AA592054337E00E79117 /* Debug */ = {
			isa = XCBuildConfiguration;
			buildSettings = {
				ASSETCATALOG_COMPILER_APPICON_NAME = AppIcon;
				CODE_SIGN_ENTITLEMENTS = CloudKitSycTasks/CloudKitSycTasks.entitlements;
				CODE_SIGN_STYLE = Automatic;
				DEVELOPMENT_TEAM = 9932454228;
				INFOPLIST_FILE = CloudKitSycTasks/Info.plist;
				LD_RUNPATH_SEARCH_PATHS = "$(inherited) @executable_path/Frameworks";
				PRODUCT_BUNDLE_IDENTIFIER = de.frankmathy.icloud.CloudKitSycTasks;
				PRODUCT_NAME = "$(TARGET_NAME)";
				SWIFT_VERSION = 4.0;
				TARGETED_DEVICE_FAMILY = 1;
			};
			name = Debug;
		};
		8547AA5A2054337E00E79117 /* Release */ = {
			isa = XCBuildConfiguration;
			buildSettings = {
				ASSETCATALOG_COMPILER_APPICON_NAME = AppIcon;
				CODE_SIGN_ENTITLEMENTS = CloudKitSycTasks/CloudKitSycTasks.entitlements;
				CODE_SIGN_STYLE = Automatic;
				DEVELOPMENT_TEAM = 9932454228;
				INFOPLIST_FILE = CloudKitSycTasks/Info.plist;
				LD_RUNPATH_SEARCH_PATHS = "$(inherited) @executable_path/Frameworks";
				PRODUCT_BUNDLE_IDENTIFIER = de.frankmathy.icloud.CloudKitSycTasks;
				PRODUCT_NAME = "$(TARGET_NAME)";
				SWIFT_VERSION = 4.0;
				TARGETED_DEVICE_FAMILY = 1;
			};
			name = Release;
		};
/* End XCBuildConfiguration section */

/* Begin XCConfigurationList section */
		8547AA3E2054337D00E79117 /* Build configuration list for PBXProject "CloudKitSycTasks" */ = {
			isa = XCConfigurationList;
			buildConfigurations = (
				8547AA562054337E00E79117 /* Debug */,
				8547AA572054337E00E79117 /* Release */,
			);
			defaultConfigurationIsVisible = 0;
			defaultConfigurationName = Release;
		};
		8547AA582054337E00E79117 /* Build configuration list for PBXNativeTarget "CloudKitSycTasks" */ = {
			isa = XCConfigurationList;
			buildConfigurations = (
				8547AA592054337E00E79117 /* Debug */,
				8547AA5A2054337E00E79117 /* Release */,
			);
			defaultConfigurationIsVisible = 0;
			defaultConfigurationName = Release;
		};
/* End XCConfigurationList section */

/* Begin XCVersionGroup section */
		8547AA4D2054337E00E79117 /* CloudKitSycTasks.xcdatamodeld */ = {
			isa = XCVersionGroup;
			children = (
				8547AA4E2054337E00E79117 /* CloudKitSycTasks.xcdatamodel */,
			);
			currentVersion = 8547AA4E2054337E00E79117 /* CloudKitSycTasks.xcdatamodel */;
			path = CloudKitSycTasks.xcdatamodeld;
			sourceTree = "<group>";
			versionGroupType = wrapper.xcdatamodel;
		};
/* End XCVersionGroup section */
	};
	rootObject = 8547AA3B2054337D00E79117 /* Project object */;
}
